# This file is automatically @generated by Poetry 2.0.0 and should not be changed by hand.

[[package]]
name = "cffi"
version = "1.17.1"
description = "Foreign Function Interface for Python calling C code."
optional = false
python-versions = ">=3.8"
groups = ["main"]
markers = "platform_python_implementation == \"PyPy\""
files = [
    {file = "cffi-1.17.1-cp310-cp310-macosx_10_9_x86_64.whl", hash = "sha256:df8b1c11f177bc2313ec4b2d46baec87a5f3e71fc8b45dab2ee7cae86d9aba14"},
    {file = "cffi-1.17.1-cp310-cp310-macosx_11_0_arm64.whl", hash = "sha256:8f2cdc858323644ab277e9bb925ad72ae0e67f69e804f4898c070998d50b1a67"},
    {file = "cffi-1.17.1-cp310-cp310-manylinux_2_12_i686.manylinux2010_i686.manylinux_2_17_i686.manylinux2014_i686.whl", hash = "sha256:edae79245293e15384b51f88b00613ba9f7198016a5948b5dddf4917d4d26382"},
    {file = "cffi-1.17.1-cp310-cp310-manylinux_2_17_aarch64.manylinux2014_aarch64.whl", hash = "sha256:45398b671ac6d70e67da8e4224a065cec6a93541bb7aebe1b198a61b58c7b702"},
    {file = "cffi-1.17.1-cp310-cp310-manylinux_2_17_ppc64le.manylinux2014_ppc64le.whl", hash = "sha256:ad9413ccdeda48c5afdae7e4fa2192157e991ff761e7ab8fdd8926f40b160cc3"},
    {file = "cffi-1.17.1-cp310-cp310-manylinux_2_17_s390x.manylinux2014_s390x.whl", hash = "sha256:5da5719280082ac6bd9aa7becb3938dc9f9cbd57fac7d2871717b1feb0902ab6"},
    {file = "cffi-1.17.1-cp310-cp310-manylinux_2_17_x86_64.manylinux2014_x86_64.whl", hash = "sha256:2bb1a08b8008b281856e5971307cc386a8e9c5b625ac297e853d36da6efe9c17"},
    {file = "cffi-1.17.1-cp310-cp310-musllinux_1_1_aarch64.whl", hash = "sha256:045d61c734659cc045141be4bae381a41d89b741f795af1dd018bfb532fd0df8"},
    {file = "cffi-1.17.1-cp310-cp310-musllinux_1_1_i686.whl", hash = "sha256:6883e737d7d9e4899a8a695e00ec36bd4e5e4f18fabe0aca0efe0a4b44cdb13e"},
    {file = "cffi-1.17.1-cp310-cp310-musllinux_1_1_x86_64.whl", hash = "sha256:6b8b4a92e1c65048ff98cfe1f735ef8f1ceb72e3d5f0c25fdb12087a23da22be"},
    {file = "cffi-1.17.1-cp310-cp310-win32.whl", hash = "sha256:c9c3d058ebabb74db66e431095118094d06abf53284d9c81f27300d0e0d8bc7c"},
    {file = "cffi-1.17.1-cp310-cp310-win_amd64.whl", hash = "sha256:0f048dcf80db46f0098ccac01132761580d28e28bc0f78ae0d58048063317e15"},
    {file = "cffi-1.17.1-cp311-cp311-macosx_10_9_x86_64.whl", hash = "sha256:a45e3c6913c5b87b3ff120dcdc03f6131fa0065027d0ed7ee6190736a74cd401"},
    {file = "cffi-1.17.1-cp311-cp311-macosx_11_0_arm64.whl", hash = "sha256:30c5e0cb5ae493c04c8b42916e52ca38079f1b235c2f8ae5f4527b963c401caf"},
    {file = "cffi-1.17.1-cp311-cp311-manylinux_2_12_i686.manylinux2010_i686.manylinux_2_17_i686.manylinux2014_i686.whl", hash = "sha256:f75c7ab1f9e4aca5414ed4d8e5c0e303a34f4421f8a0d47a4d019ceff0ab6af4"},
    {file = "cffi-1.17.1-cp311-cp311-manylinux_2_17_aarch64.manylinux2014_aarch64.whl", hash = "sha256:a1ed2dd2972641495a3ec98445e09766f077aee98a1c896dcb4ad0d303628e41"},
    {file = "cffi-1.17.1-cp311-cp311-manylinux_2_17_ppc64le.manylinux2014_ppc64le.whl", hash = "sha256:46bf43160c1a35f7ec506d254e5c890f3c03648a4dbac12d624e4490a7046cd1"},
    {file = "cffi-1.17.1-cp311-cp311-manylinux_2_17_s390x.manylinux2014_s390x.whl", hash = "sha256:a24ed04c8ffd54b0729c07cee15a81d964e6fee0e3d4d342a27b020d22959dc6"},
    {file = "cffi-1.17.1-cp311-cp311-manylinux_2_17_x86_64.manylinux2014_x86_64.whl", hash = "sha256:610faea79c43e44c71e1ec53a554553fa22321b65fae24889706c0a84d4ad86d"},
    {file = "cffi-1.17.1-cp311-cp311-musllinux_1_1_aarch64.whl", hash = "sha256:a9b15d491f3ad5d692e11f6b71f7857e7835eb677955c00cc0aefcd0669adaf6"},
    {file = "cffi-1.17.1-cp311-cp311-musllinux_1_1_i686.whl", hash = "sha256:de2ea4b5833625383e464549fec1bc395c1bdeeb5f25c4a3a82b5a8c756ec22f"},
    {file = "cffi-1.17.1-cp311-cp311-musllinux_1_1_x86_64.whl", hash = "sha256:fc48c783f9c87e60831201f2cce7f3b2e4846bf4d8728eabe54d60700b318a0b"},
    {file = "cffi-1.17.1-cp311-cp311-win32.whl", hash = "sha256:85a950a4ac9c359340d5963966e3e0a94a676bd6245a4b55bc43949eee26a655"},
    {file = "cffi-1.17.1-cp311-cp311-win_amd64.whl", hash = "sha256:caaf0640ef5f5517f49bc275eca1406b0ffa6aa184892812030f04c2abf589a0"},
    {file = "cffi-1.17.1-cp312-cp312-macosx_10_9_x86_64.whl", hash = "sha256:805b4371bf7197c329fcb3ead37e710d1bca9da5d583f5073b799d5c5bd1eee4"},
    {file = "cffi-1.17.1-cp312-cp312-macosx_11_0_arm64.whl", hash = "sha256:733e99bc2df47476e3848417c5a4540522f234dfd4ef3ab7fafdf555b082ec0c"},
    {file = "cffi-1.17.1-cp312-cp312-manylinux_2_12_i686.manylinux2010_i686.manylinux_2_17_i686.manylinux2014_i686.whl", hash = "sha256:1257bdabf294dceb59f5e70c64a3e2f462c30c7ad68092d01bbbfb1c16b1ba36"},
    {file = "cffi-1.17.1-cp312-cp312-manylinux_2_17_aarch64.manylinux2014_aarch64.whl", hash = "sha256:da95af8214998d77a98cc14e3a3bd00aa191526343078b530ceb0bd710fb48a5"},
    {file = "cffi-1.17.1-cp312-cp312-manylinux_2_17_ppc64le.manylinux2014_ppc64le.whl", hash = "sha256:d63afe322132c194cf832bfec0dc69a99fb9bb6bbd550f161a49e9e855cc78ff"},
    {file = "cffi-1.17.1-cp312-cp312-manylinux_2_17_s390x.manylinux2014_s390x.whl", hash = "sha256:f79fc4fc25f1c8698ff97788206bb3c2598949bfe0fef03d299eb1b5356ada99"},
    {file = "cffi-1.17.1-cp312-cp312-manylinux_2_17_x86_64.manylinux2014_x86_64.whl", hash = "sha256:b62ce867176a75d03a665bad002af8e6d54644fad99a3c70905c543130e39d93"},
    {file = "cffi-1.17.1-cp312-cp312-musllinux_1_1_aarch64.whl", hash = "sha256:386c8bf53c502fff58903061338ce4f4950cbdcb23e2902d86c0f722b786bbe3"},
    {file = "cffi-1.17.1-cp312-cp312-musllinux_1_1_x86_64.whl", hash = "sha256:4ceb10419a9adf4460ea14cfd6bc43d08701f0835e979bf821052f1805850fe8"},
    {file = "cffi-1.17.1-cp312-cp312-win32.whl", hash = "sha256:a08d7e755f8ed21095a310a693525137cfe756ce62d066e53f502a83dc550f65"},
    {file = "cffi-1.17.1-cp312-cp312-win_amd64.whl", hash = "sha256:51392eae71afec0d0c8fb1a53b204dbb3bcabcb3c9b807eedf3e1e6ccf2de903"},
    {file = "cffi-1.17.1-cp313-cp313-macosx_10_13_x86_64.whl", hash = "sha256:f3a2b4222ce6b60e2e8b337bb9596923045681d71e5a082783484d845390938e"},
    {file = "cffi-1.17.1-cp313-cp313-macosx_11_0_arm64.whl", hash = "sha256:0984a4925a435b1da406122d4d7968dd861c1385afe3b45ba82b750f229811e2"},
    {file = "cffi-1.17.1-cp313-cp313-manylinux_2_12_i686.manylinux2010_i686.manylinux_2_17_i686.manylinux2014_i686.whl", hash = "sha256:d01b12eeeb4427d3110de311e1774046ad344f5b1a7403101878976ecd7a10f3"},
    {file = "cffi-1.17.1-cp313-cp313-manylinux_2_17_aarch64.manylinux2014_aarch64.whl", hash = "sha256:706510fe141c86a69c8ddc029c7910003a17353970cff3b904ff0686a5927683"},
    {file = "cffi-1.17.1-cp313-cp313-manylinux_2_17_ppc64le.manylinux2014_ppc64le.whl", hash = "sha256:de55b766c7aa2e2a3092c51e0483d700341182f08e67c63630d5b6f200bb28e5"},
    {file = "cffi-1.17.1-cp313-cp313-manylinux_2_17_s390x.manylinux2014_s390x.whl", hash = "sha256:c59d6e989d07460165cc5ad3c61f9fd8f1b4796eacbd81cee78957842b834af4"},
    {file = "cffi-1.17.1-cp313-cp313-manylinux_2_17_x86_64.manylinux2014_x86_64.whl", hash = "sha256:dd398dbc6773384a17fe0d3e7eeb8d1a21c2200473ee6806bb5e6a8e62bb73dd"},
    {file = "cffi-1.17.1-cp313-cp313-musllinux_1_1_aarch64.whl", hash = "sha256:3edc8d958eb099c634dace3c7e16560ae474aa3803a5df240542b305d14e14ed"},
    {file = "cffi-1.17.1-cp313-cp313-musllinux_1_1_x86_64.whl", hash = "sha256:72e72408cad3d5419375fc87d289076ee319835bdfa2caad331e377589aebba9"},
    {file = "cffi-1.17.1-cp313-cp313-win32.whl", hash = "sha256:e03eab0a8677fa80d646b5ddece1cbeaf556c313dcfac435ba11f107ba117b5d"},
    {file = "cffi-1.17.1-cp313-cp313-win_amd64.whl", hash = "sha256:f6a16c31041f09ead72d69f583767292f750d24913dadacf5756b966aacb3f1a"},
    {file = "cffi-1.17.1-cp38-cp38-macosx_10_9_x86_64.whl", hash = "sha256:636062ea65bd0195bc012fea9321aca499c0504409f413dc88af450b57ffd03b"},
    {file = "cffi-1.17.1-cp38-cp38-manylinux_2_12_i686.manylinux2010_i686.manylinux_2_17_i686.manylinux2014_i686.whl", hash = "sha256:c7eac2ef9b63c79431bc4b25f1cd649d7f061a28808cbc6c47b534bd789ef964"},
    {file = "cffi-1.17.1-cp38-cp38-manylinux_2_17_aarch64.manylinux2014_aarch64.whl", hash = "sha256:e221cf152cff04059d011ee126477f0d9588303eb57e88923578ace7baad17f9"},
    {file = "cffi-1.17.1-cp38-cp38-manylinux_2_17_ppc64le.manylinux2014_ppc64le.whl", hash = "sha256:31000ec67d4221a71bd3f67df918b1f88f676f1c3b535a7eb473255fdc0b83fc"},
    {file = "cffi-1.17.1-cp38-cp38-manylinux_2_17_s390x.manylinux2014_s390x.whl", hash = "sha256:6f17be4345073b0a7b8ea599688f692ac3ef23ce28e5df79c04de519dbc4912c"},
    {file = "cffi-1.17.1-cp38-cp38-manylinux_2_17_x86_64.manylinux2014_x86_64.whl", hash = "sha256:0e2b1fac190ae3ebfe37b979cc1ce69c81f4e4fe5746bb401dca63a9062cdaf1"},
    {file = "cffi-1.17.1-cp38-cp38-win32.whl", hash = "sha256:7596d6620d3fa590f677e9ee430df2958d2d6d6de2feeae5b20e82c00b76fbf8"},
    {file = "cffi-1.17.1-cp38-cp38-win_amd64.whl", hash = "sha256:78122be759c3f8a014ce010908ae03364d00a1f81ab5c7f4a7a5120607ea56e1"},
    {file = "cffi-1.17.1-cp39-cp39-macosx_10_9_x86_64.whl", hash = "sha256:b2ab587605f4ba0bf81dc0cb08a41bd1c0a5906bd59243d56bad7668a6fc6c16"},
    {file = "cffi-1.17.1-cp39-cp39-macosx_11_0_arm64.whl", hash = "sha256:28b16024becceed8c6dfbc75629e27788d8a3f9030691a1dbf9821a128b22c36"},
    {file = "cffi-1.17.1-cp39-cp39-manylinux_2_12_i686.manylinux2010_i686.manylinux_2_17_i686.manylinux2014_i686.whl", hash = "sha256:1d599671f396c4723d016dbddb72fe8e0397082b0a77a4fab8028923bec050e8"},
    {file = "cffi-1.17.1-cp39-cp39-manylinux_2_17_aarch64.manylinux2014_aarch64.whl", hash = "sha256:ca74b8dbe6e8e8263c0ffd60277de77dcee6c837a3d0881d8c1ead7268c9e576"},
    {file = "cffi-1.17.1-cp39-cp39-manylinux_2_17_ppc64le.manylinux2014_ppc64le.whl", hash = "sha256:f7f5baafcc48261359e14bcd6d9bff6d4b28d9103847c9e136694cb0501aef87"},
    {file = "cffi-1.17.1-cp39-cp39-manylinux_2_17_s390x.manylinux2014_s390x.whl", hash = "sha256:98e3969bcff97cae1b2def8ba499ea3d6f31ddfdb7635374834cf89a1a08ecf0"},
    {file = "cffi-1.17.1-cp39-cp39-manylinux_2_17_x86_64.manylinux2014_x86_64.whl", hash = "sha256:cdf5ce3acdfd1661132f2a9c19cac174758dc2352bfe37d98aa7512c6b7178b3"},
    {file = "cffi-1.17.1-cp39-cp39-musllinux_1_1_aarch64.whl", hash = "sha256:9755e4345d1ec879e3849e62222a18c7174d65a6a92d5b346b1863912168b595"},
    {file = "cffi-1.17.1-cp39-cp39-musllinux_1_1_i686.whl", hash = "sha256:f1e22e8c4419538cb197e4dd60acc919d7696e5ef98ee4da4e01d3f8cfa4cc5a"},
    {file = "cffi-1.17.1-cp39-cp39-musllinux_1_1_x86_64.whl", hash = "sha256:c03e868a0b3bc35839ba98e74211ed2b05d2119be4e8a0f224fba9384f1fe02e"},
    {file = "cffi-1.17.1-cp39-cp39-win32.whl", hash = "sha256:e31ae45bc2e29f6b2abd0de1cc3b9d5205aa847cafaecb8af1476a609a2f6eb7"},
    {file = "cffi-1.17.1-cp39-cp39-win_amd64.whl", hash = "sha256:d016c76bdd850f3c626af19b0542c9677ba156e4ee4fccfdd7848803533ef662"},
    {file = "cffi-1.17.1.tar.gz", hash = "sha256:1c39c6016c32bc48dd54561950ebd6836e1670f2ae46128f67cf49e789c52824"},
]

[package.dependencies]
pycparser = "*"

[[package]]
name = "foxglove-sdk"
version = "0"
description = "Foxglove Python SDK"
optional = false
python-versions = ">=3.9"
groups = ["main"]
files = []
develop = false

[package.source]
type = "directory"
url = "../../foxglove-sdk"

[[package]]
name = "lz4"
version = "4.4.3"
description = "LZ4 Bindings for Python"
optional = false
python-versions = ">=3.9"
groups = ["main"]
files = [
    {file = "lz4-4.4.3-cp310-cp310-macosx_10_9_x86_64.whl", hash = "sha256:1ebf23ffd36b32b980f720a81990fcfdeadacafe7498fbeff7a8e058259d4e58"},
    {file = "lz4-4.4.3-cp310-cp310-macosx_11_0_arm64.whl", hash = "sha256:8fe3caea61427057a9e3697c69b2403510fdccfca4483520d02b98ffae74531e"},
    {file = "lz4-4.4.3-cp310-cp310-manylinux_2_17_x86_64.manylinux2014_x86_64.whl", hash = "sha256:e86c7fbe46f6e2e9dfb5377ee690fb8987e8e8363f435886ab91012b88f08a26"},
    {file = "lz4-4.4.3-cp310-cp310-manylinux_2_5_i686.manylinux1_i686.manylinux_2_17_i686.manylinux2014_i686.whl", hash = "sha256:a46f48740584eab3194fbee91c61f7fa396dbb1c5e7aa76ca08165d4e63fb40f"},
    {file = "lz4-4.4.3-cp310-cp310-win32.whl", hash = "sha256:434a1d1547a0547164866f1ccc31bbda235ac5b9087f24a84956756b52371f40"},
    {file = "lz4-4.4.3-cp310-cp310-win_amd64.whl", hash = "sha256:0aea6f283abd6acb1883b70d7a117b913e20c770845559f9421394bc9c522b24"},
    {file = "lz4-4.4.3-cp311-cp311-macosx_10_9_x86_64.whl", hash = "sha256:b1b98f0a4137d01b84c680813eef6198e1e00f1f28bc20ce7b5c436459a0d146"},
    {file = "lz4-4.4.3-cp311-cp311-macosx_11_0_arm64.whl", hash = "sha256:20e385cb8bd8321593788f11101d8c89a823a56191978e427e3c5141e129f14b"},
    {file = "lz4-4.4.3-cp311-cp311-manylinux_2_17_x86_64.manylinux2014_x86_64.whl", hash = "sha256:5c9e32989df06c57f10aa09ad9b30e8a25baf1aefe850e13b0ea5de600477d6a"},
    {file = "lz4-4.4.3-cp311-cp311-manylinux_2_5_i686.manylinux1_i686.manylinux_2_17_i686.manylinux2014_i686.whl", hash = "sha256:c3d2d5df5476b065aae9d1ad551fdc7b17c151b84e8edd9212108946b2337c66"},
    {file = "lz4-4.4.3-cp311-cp311-win32.whl", hash = "sha256:e365850166729fa82be618f476966161d5c47ea081eafc4febfc542bc85bac5d"},
    {file = "lz4-4.4.3-cp311-cp311-win_amd64.whl", hash = "sha256:7f5c05bd4b0909b682608c453acc31f1a9170d55f56d27cd701213e0683fc66a"},
    {file = "lz4-4.4.3-cp312-cp312-macosx_10_13_x86_64.whl", hash = "sha256:43461e439ef71d49bb0ee3a1719494cd952a58d205496698e0cde866f22006bc"},
    {file = "lz4-4.4.3-cp312-cp312-macosx_11_0_arm64.whl", hash = "sha256:2ae50a175fb7b900f7aa42575f4fe99c32ca0ff57e5a8c1fd25e1243e67409db"},
    {file = "lz4-4.4.3-cp312-cp312-manylinux_2_17_x86_64.manylinux2014_x86_64.whl", hash = "sha256:38df5929ffefa9dda120ba1790a2e94fda81916c5aaa1ee652f4b1e515ebb9ed"},
    {file = "lz4-4.4.3-cp312-cp312-manylinux_2_5_i686.manylinux1_i686.manylinux_2_17_i686.manylinux2014_i686.whl", hash = "sha256:2b45914f25d916324531d0259072b402c5f99b67c6e9ac8cbc3d49935aeb1d97"},
    {file = "lz4-4.4.3-cp312-cp312-win32.whl", hash = "sha256:848c5b040d2cfe35097b1d65d1095d83a3f86374ce879e189533f61405d8763b"},
    {file = "lz4-4.4.3-cp312-cp312-win_amd64.whl", hash = "sha256:b1d179bdefd9ddb8d11d7de7825e73fb957511b722a8cb484e417885c210e68c"},
    {file = "lz4-4.4.3-cp313-cp313-macosx_10_13_x86_64.whl", hash = "sha256:174b7ce5456671c73b81bb115defac8a584363d8b38a48ed3ad976e08eea27cd"},
    {file = "lz4-4.4.3-cp313-cp313-macosx_11_0_arm64.whl", hash = "sha256:ab26b4af13308b8296688b03d74c3b0c8e8ed1f6b2d1454ef97bdb589db409db"},
    {file = "lz4-4.4.3-cp313-cp313-manylinux_2_17_x86_64.manylinux2014_x86_64.whl", hash = "sha256:61e08d84e3bf8ca9f43dc6b33f8cd7ba19f49864e2c91eb2160f83b6f9a268fa"},
    {file = "lz4-4.4.3-cp313-cp313-manylinux_2_5_i686.manylinux1_i686.manylinux_2_17_i686.manylinux2014_i686.whl", hash = "sha256:71ebdaadf546d6d393b9a21796172723724b737e84f68f36caf367d1c87a86a1"},
    {file = "lz4-4.4.3-cp313-cp313-win32.whl", hash = "sha256:1f25e1b571a8be2c3d60d46679ef2471ae565f7ba9ba8382596695413523b188"},
    {file = "lz4-4.4.3-cp313-cp313-win_amd64.whl", hash = "sha256:da091dd8c96dbda124d766231f38619afd5c544051fb4424d2566c905957d342"},
    {file = "lz4-4.4.3-cp39-cp39-macosx_10_9_x86_64.whl", hash = "sha256:699d26ac579eb42c71d131f9fb7b6e1c495a14e257264206a3c3bfcc146ed9bb"},
    {file = "lz4-4.4.3-cp39-cp39-macosx_11_0_arm64.whl", hash = "sha256:c4be1e5d9c8ad61345730c41c9ef21bdbb022cced4df70431110888d3ad5c0fb"},
    {file = "lz4-4.4.3-cp39-cp39-manylinux_2_17_x86_64.manylinux2014_x86_64.whl", hash = "sha256:de86400c8b60c7707665e63934a82ae6792e7102c17a72e9b361a7f40d3c6049"},
    {file = "lz4-4.4.3-cp39-cp39-manylinux_2_5_i686.manylinux1_i686.manylinux_2_17_i686.manylinux2014_i686.whl", hash = "sha256:fe6080299a25fd7cbb1957c921cca6a884acbfcd44cc23de48079389d322e326"},
    {file = "lz4-4.4.3-cp39-cp39-win32.whl", hash = "sha256:447993c4dda0b6b0e1bd862752c855df8745f2910bea5015344f83ff3e99f305"},
    {file = "lz4-4.4.3-cp39-cp39-win_amd64.whl", hash = "sha256:3f21e503c18157512d2e34ae4c301e44a826c7b87e1d8998981367e3c9fe0932"},
    {file = "lz4-4.4.3.tar.gz", hash = "sha256:91ed5b71f9179bf3dbfe85d92b52d4b53de2e559aa4daa3b7de18e0dd24ad77d"},
]

[package.extras]
docs = ["sphinx (>=1.6.0)", "sphinx_bootstrap_theme"]
flake8 = ["flake8"]
tests = ["psutil", "pytest (!=3.3.0)", "pytest-cov"]

[[package]]
name = "mcap"
version = "1.2.2"
description = "MCAP libraries for Python"
optional = false
python-versions = ">=3.7"
groups = ["main"]
files = [
    {file = "mcap-1.2.2-py3-none-any.whl", hash = "sha256:046a334912e43895075c115c23ef05ec62971748abfb0f8b05d4cc9b353afdce"},
    {file = "mcap-1.2.2.tar.gz", hash = "sha256:64091bb55b288142e602ff1403f7522ccd83a15dc1b05df0c648533d86e59438"},
]

[package.dependencies]
lz4 = "*"
zstandard = "*"

[[package]]
name = "mypy"
version = "1.15.0"
description = "Optional static typing for Python"
optional = false
python-versions = ">=3.9"
groups = ["dev"]
files = [
    {file = "mypy-1.15.0-cp310-cp310-macosx_10_9_x86_64.whl", hash = "sha256:979e4e1a006511dacf628e36fadfecbcc0160a8af6ca7dad2f5025529e082c13"},
    {file = "mypy-1.15.0-cp310-cp310-macosx_11_0_arm64.whl", hash = "sha256:c4bb0e1bd29f7d34efcccd71cf733580191e9a264a2202b0239da95984c5b559"},
    {file = "mypy-1.15.0-cp310-cp310-manylinux_2_17_aarch64.manylinux2014_aarch64.manylinux_2_28_aarch64.whl", hash = "sha256:be68172e9fd9ad8fb876c6389f16d1c1b5f100ffa779f77b1fb2176fcc9ab95b"},
    {file = "mypy-1.15.0-cp310-cp310-manylinux_2_17_x86_64.manylinux2014_x86_64.manylinux_2_28_x86_64.whl", hash = "sha256:c7be1e46525adfa0d97681432ee9fcd61a3964c2446795714699a998d193f1a3"},
    {file = "mypy-1.15.0-cp310-cp310-musllinux_1_2_x86_64.whl", hash = "sha256:2e2c2e6d3593f6451b18588848e66260ff62ccca522dd231cd4dd59b0160668b"},
    {file = "mypy-1.15.0-cp310-cp310-win_amd64.whl", hash = "sha256:6983aae8b2f653e098edb77f893f7b6aca69f6cffb19b2cc7443f23cce5f4828"},
    {file = "mypy-1.15.0-cp311-cp311-macosx_10_9_x86_64.whl", hash = "sha256:2922d42e16d6de288022e5ca321cd0618b238cfc5570e0263e5ba0a77dbef56f"},
    {file = "mypy-1.15.0-cp311-cp311-macosx_11_0_arm64.whl", hash = "sha256:2ee2d57e01a7c35de00f4634ba1bbf015185b219e4dc5909e281016df43f5ee5"},
    {file = "mypy-1.15.0-cp311-cp311-manylinux_2_17_aarch64.manylinux2014_aarch64.manylinux_2_28_aarch64.whl", hash = "sha256:973500e0774b85d9689715feeffcc980193086551110fd678ebe1f4342fb7c5e"},
    {file = "mypy-1.15.0-cp311-cp311-manylinux_2_17_x86_64.manylinux2014_x86_64.manylinux_2_28_x86_64.whl", hash = "sha256:5a95fb17c13e29d2d5195869262f8125dfdb5c134dc8d9a9d0aecf7525b10c2c"},
    {file = "mypy-1.15.0-cp311-cp311-musllinux_1_2_x86_64.whl", hash = "sha256:1905f494bfd7d85a23a88c5d97840888a7bd516545fc5aaedff0267e0bb54e2f"},
    {file = "mypy-1.15.0-cp311-cp311-win_amd64.whl", hash = "sha256:c9817fa23833ff189db061e6d2eff49b2f3b6ed9856b4a0a73046e41932d744f"},
    {file = "mypy-1.15.0-cp312-cp312-macosx_10_13_x86_64.whl", hash = "sha256:aea39e0583d05124836ea645f412e88a5c7d0fd77a6d694b60d9b6b2d9f184fd"},
    {file = "mypy-1.15.0-cp312-cp312-macosx_11_0_arm64.whl", hash = "sha256:2f2147ab812b75e5b5499b01ade1f4a81489a147c01585cda36019102538615f"},
    {file = "mypy-1.15.0-cp312-cp312-manylinux_2_17_aarch64.manylinux2014_aarch64.manylinux_2_28_aarch64.whl", hash = "sha256:ce436f4c6d218a070048ed6a44c0bbb10cd2cc5e272b29e7845f6a2f57ee4464"},
    {file = "mypy-1.15.0-cp312-cp312-manylinux_2_17_x86_64.manylinux2014_x86_64.manylinux_2_28_x86_64.whl", hash = "sha256:8023ff13985661b50a5928fc7a5ca15f3d1affb41e5f0a9952cb68ef090b31ee"},
    {file = "mypy-1.15.0-cp312-cp312-musllinux_1_2_x86_64.whl", hash = "sha256:1124a18bc11a6a62887e3e137f37f53fbae476dc36c185d549d4f837a2a6a14e"},
    {file = "mypy-1.15.0-cp312-cp312-win_amd64.whl", hash = "sha256:171a9ca9a40cd1843abeca0e405bc1940cd9b305eaeea2dda769ba096932bb22"},
    {file = "mypy-1.15.0-cp313-cp313-macosx_10_13_x86_64.whl", hash = "sha256:93faf3fdb04768d44bf28693293f3904bbb555d076b781ad2530214ee53e3445"},
    {file = "mypy-1.15.0-cp313-cp313-macosx_11_0_arm64.whl", hash = "sha256:811aeccadfb730024c5d3e326b2fbe9249bb7413553f15499a4050f7c30e801d"},
    {file = "mypy-1.15.0-cp313-cp313-manylinux_2_17_aarch64.manylinux2014_aarch64.manylinux_2_28_aarch64.whl", hash = "sha256:98b7b9b9aedb65fe628c62a6dc57f6d5088ef2dfca37903a7d9ee374d03acca5"},
    {file = "mypy-1.15.0-cp313-cp313-manylinux_2_17_x86_64.manylinux2014_x86_64.manylinux_2_28_x86_64.whl", hash = "sha256:c43a7682e24b4f576d93072216bf56eeff70d9140241f9edec0c104d0c515036"},
    {file = "mypy-1.15.0-cp313-cp313-musllinux_1_2_x86_64.whl", hash = "sha256:baefc32840a9f00babd83251560e0ae1573e2f9d1b067719479bfb0e987c6357"},
    {file = "mypy-1.15.0-cp313-cp313-win_amd64.whl", hash = "sha256:b9378e2c00146c44793c98b8d5a61039a048e31f429fb0eb546d93f4b000bedf"},
    {file = "mypy-1.15.0-cp39-cp39-macosx_10_9_x86_64.whl", hash = "sha256:e601a7fa172c2131bff456bb3ee08a88360760d0d2f8cbd7a75a65497e2df078"},
    {file = "mypy-1.15.0-cp39-cp39-macosx_11_0_arm64.whl", hash = "sha256:712e962a6357634fef20412699a3655c610110e01cdaa6180acec7fc9f8513ba"},
    {file = "mypy-1.15.0-cp39-cp39-manylinux_2_17_aarch64.manylinux2014_aarch64.manylinux_2_28_aarch64.whl", hash = "sha256:f95579473af29ab73a10bada2f9722856792a36ec5af5399b653aa28360290a5"},
    {file = "mypy-1.15.0-cp39-cp39-manylinux_2_17_x86_64.manylinux2014_x86_64.manylinux_2_28_x86_64.whl", hash = "sha256:8f8722560a14cde92fdb1e31597760dc35f9f5524cce17836c0d22841830fd5b"},
    {file = "mypy-1.15.0-cp39-cp39-musllinux_1_2_x86_64.whl", hash = "sha256:1fbb8da62dc352133d7d7ca90ed2fb0e9d42bb1a32724c287d3c76c58cbaa9c2"},
    {file = "mypy-1.15.0-cp39-cp39-win_amd64.whl", hash = "sha256:d10d994b41fb3497719bbf866f227b3489048ea4bbbb5015357db306249f7980"},
    {file = "mypy-1.15.0-py3-none-any.whl", hash = "sha256:5469affef548bd1895d86d3bf10ce2b44e33d86923c29e4d675b3e323437ea3e"},
    {file = "mypy-1.15.0.tar.gz", hash = "sha256:404534629d51d3efea5c800ee7c42b72a6554d6c400e6a79eafe15d11341fd43"},
]

[package.dependencies]
mypy_extensions = ">=1.0.0"
tomli = {version = ">=1.1.0", markers = "python_version < \"3.11\""}
typing_extensions = ">=4.6.0"

[package.extras]
dmypy = ["psutil (>=4.0)"]
faster-cache = ["orjson"]
install-types = ["pip"]
mypyc = ["setuptools (>=50)"]
reports = ["lxml"]

[[package]]
name = "mypy-extensions"
version = "1.0.0"
description = "Type system extensions for programs checked with the mypy type checker."
optional = false
python-versions = ">=3.5"
groups = ["dev"]
files = [
    {file = "mypy_extensions-1.0.0-py3-none-any.whl", hash = "sha256:4392f6c0eb8a5668a69e23d168ffa70f0be9ccfd32b5cc2d26a34ae5b844552d"},
    {file = "mypy_extensions-1.0.0.tar.gz", hash = "sha256:75dbf8955dc00442a438fc4d0666508a9a97b6bd41aa2f0ffe9d2f2725af0782"},
]

[[package]]
name = "pycparser"
version = "2.22"
description = "C parser in Python"
optional = false
python-versions = ">=3.8"
groups = ["main"]
markers = "platform_python_implementation == \"PyPy\""
files = [
    {file = "pycparser-2.22-py3-none-any.whl", hash = "sha256:c3702b6d3dd8c7abc1afa565d7e63d53a1d0bd86cdc24edd75470f4de499cfcc"},
    {file = "pycparser-2.22.tar.gz", hash = "sha256:491c8be9c040f5390f5bf44a5b07752bd07f56edf992381b05c701439eec10f6"},
]

[[package]]
name = "tomli"
version = "2.2.1"
description = "A lil' TOML parser"
optional = false
python-versions = ">=3.8"
groups = ["dev"]
markers = "python_version < \"3.11\""
files = [
    {file = "tomli-2.2.1-cp311-cp311-macosx_10_9_x86_64.whl", hash = "sha256:678e4fa69e4575eb77d103de3df8a895e1591b48e740211bd1067378c69e8249"},
    {file = "tomli-2.2.1-cp311-cp311-macosx_11_0_arm64.whl", hash = "sha256:023aa114dd824ade0100497eb2318602af309e5a55595f76b626d6d9f3b7b0a6"},
    {file = "tomli-2.2.1-cp311-cp311-manylinux_2_17_aarch64.manylinux2014_aarch64.whl", hash = "sha256:ece47d672db52ac607a3d9599a9d48dcb2f2f735c6c2d1f34130085bb12b112a"},
    {file = "tomli-2.2.1-cp311-cp311-manylinux_2_17_x86_64.manylinux2014_x86_64.whl", hash = "sha256:6972ca9c9cc9f0acaa56a8ca1ff51e7af152a9f87fb64623e31d5c83700080ee"},
    {file = "tomli-2.2.1-cp311-cp311-manylinux_2_5_i686.manylinux1_i686.manylinux_2_17_i686.manylinux2014_i686.whl", hash = "sha256:c954d2250168d28797dd4e3ac5cf812a406cd5a92674ee4c8f123c889786aa8e"},
    {file = "tomli-2.2.1-cp311-cp311-musllinux_1_2_aarch64.whl", hash = "sha256:8dd28b3e155b80f4d54beb40a441d366adcfe740969820caf156c019fb5c7ec4"},
    {file = "tomli-2.2.1-cp311-cp311-musllinux_1_2_i686.whl", hash = "sha256:e59e304978767a54663af13c07b3d1af22ddee3bb2fb0618ca1593e4f593a106"},
    {file = "tomli-2.2.1-cp311-cp311-musllinux_1_2_x86_64.whl", hash = "sha256:33580bccab0338d00994d7f16f4c4ec25b776af3ffaac1ed74e0b3fc95e885a8"},
    {file = "tomli-2.2.1-cp311-cp311-win32.whl", hash = "sha256:465af0e0875402f1d226519c9904f37254b3045fc5084697cefb9bdde1ff99ff"},
    {file = "tomli-2.2.1-cp311-cp311-win_amd64.whl", hash = "sha256:2d0f2fdd22b02c6d81637a3c95f8cd77f995846af7414c5c4b8d0545afa1bc4b"},
    {file = "tomli-2.2.1-cp312-cp312-macosx_10_13_x86_64.whl", hash = "sha256:4a8f6e44de52d5e6c657c9fe83b562f5f4256d8ebbfe4ff922c495620a7f6cea"},
    {file = "tomli-2.2.1-cp312-cp312-macosx_11_0_arm64.whl", hash = "sha256:8d57ca8095a641b8237d5b079147646153d22552f1c637fd3ba7f4b0b29167a8"},
    {file = "tomli-2.2.1-cp312-cp312-manylinux_2_17_aarch64.manylinux2014_aarch64.whl", hash = "sha256:4e340144ad7ae1533cb897d406382b4b6fede8890a03738ff1683af800d54192"},
    {file = "tomli-2.2.1-cp312-cp312-manylinux_2_17_x86_64.manylinux2014_x86_64.whl", hash = "sha256:db2b95f9de79181805df90bedc5a5ab4c165e6ec3fe99f970d0e302f384ad222"},
    {file = "tomli-2.2.1-cp312-cp312-manylinux_2_5_i686.manylinux1_i686.manylinux_2_17_i686.manylinux2014_i686.whl", hash = "sha256:40741994320b232529c802f8bc86da4e1aa9f413db394617b9a256ae0f9a7f77"},
    {file = "tomli-2.2.1-cp312-cp312-musllinux_1_2_aarch64.whl", hash = "sha256:400e720fe168c0f8521520190686ef8ef033fb19fc493da09779e592861b78c6"},
    {file = "tomli-2.2.1-cp312-cp312-musllinux_1_2_i686.whl", hash = "sha256:02abe224de6ae62c19f090f68da4e27b10af2b93213d36cf44e6e1c5abd19fdd"},
    {file = "tomli-2.2.1-cp312-cp312-musllinux_1_2_x86_64.whl", hash = "sha256:b82ebccc8c8a36f2094e969560a1b836758481f3dc360ce9a3277c65f374285e"},
    {file = "tomli-2.2.1-cp312-cp312-win32.whl", hash = "sha256:889f80ef92701b9dbb224e49ec87c645ce5df3fa2cc548664eb8a25e03127a98"},
    {file = "tomli-2.2.1-cp312-cp312-win_amd64.whl", hash = "sha256:7fc04e92e1d624a4a63c76474610238576942d6b8950a2d7f908a340494e67e4"},
    {file = "tomli-2.2.1-cp313-cp313-macosx_10_13_x86_64.whl", hash = "sha256:f4039b9cbc3048b2416cc57ab3bda989a6fcf9b36cf8937f01a6e731b64f80d7"},
    {file = "tomli-2.2.1-cp313-cp313-macosx_11_0_arm64.whl", hash = "sha256:286f0ca2ffeeb5b9bd4fcc8d6c330534323ec51b2f52da063b11c502da16f30c"},
    {file = "tomli-2.2.1-cp313-cp313-manylinux_2_17_aarch64.manylinux2014_aarch64.whl", hash = "sha256:a92ef1a44547e894e2a17d24e7557a5e85a9e1d0048b0b5e7541f76c5032cb13"},
    {file = "tomli-2.2.1-cp313-cp313-manylinux_2_17_x86_64.manylinux2014_x86_64.whl", hash = "sha256:9316dc65bed1684c9a98ee68759ceaed29d229e985297003e494aa825ebb0281"},
    {file = "tomli-2.2.1-cp313-cp313-manylinux_2_5_i686.manylinux1_i686.manylinux_2_17_i686.manylinux2014_i686.whl", hash = "sha256:e85e99945e688e32d5a35c1ff38ed0b3f41f43fad8df0bdf79f72b2ba7bc5272"},
    {file = "tomli-2.2.1-cp313-cp313-musllinux_1_2_aarch64.whl", hash = "sha256:ac065718db92ca818f8d6141b5f66369833d4a80a9d74435a268c52bdfa73140"},
    {file = "tomli-2.2.1-cp313-cp313-musllinux_1_2_i686.whl", hash = "sha256:d920f33822747519673ee656a4b6ac33e382eca9d331c87770faa3eef562aeb2"},
    {file = "tomli-2.2.1-cp313-cp313-musllinux_1_2_x86_64.whl", hash = "sha256:a198f10c4d1b1375d7687bc25294306e551bf1abfa4eace6650070a5c1ae2744"},
    {file = "tomli-2.2.1-cp313-cp313-win32.whl", hash = "sha256:d3f5614314d758649ab2ab3a62d4f2004c825922f9e370b29416484086b264ec"},
    {file = "tomli-2.2.1-cp313-cp313-win_amd64.whl", hash = "sha256:a38aa0308e754b0e3c67e344754dff64999ff9b513e691d0e786265c93583c69"},
    {file = "tomli-2.2.1-py3-none-any.whl", hash = "sha256:cb55c73c5f4408779d0cf3eef9f762b9c9f147a77de7b258bef0a5628adc85cc"},
    {file = "tomli-2.2.1.tar.gz", hash = "sha256:cd45e1dc79c835ce60f7404ec8119f2eb06d38b1deba146f07ced3bbc44505ff"},
]

[[package]]
name = "typing-extensions"
version = "4.12.2"
description = "Backported and Experimental Type Hints for Python 3.8+"
optional = false
python-versions = ">=3.8"
groups = ["dev"]
files = [
    {file = "typing_extensions-4.12.2-py3-none-any.whl", hash = "sha256:04e5ca0351e0f3f85c6853954072df659d0d13fac324d0072316b67d7794700d"},
    {file = "typing_extensions-4.12.2.tar.gz", hash = "sha256:1a7ead55c7e559dd4dee8856e3a88b41225abfe1ce8df57b7c13915fe121ffb8"},
]

[[package]]
name = "zstandard"
version = "0.23.0"
description = "Zstandard bindings for Python"
optional = false
python-versions = ">=3.8"
groups = ["main"]
files = [
    {file = "zstandard-0.23.0-cp310-cp310-macosx_10_9_x86_64.whl", hash = "sha256:bf0a05b6059c0528477fba9054d09179beb63744355cab9f38059548fedd46a9"},
    {file = "zstandard-0.23.0-cp310-cp310-macosx_11_0_arm64.whl", hash = "sha256:fc9ca1c9718cb3b06634c7c8dec57d24e9438b2aa9a0f02b8bb36bf478538880"},
    {file = "zstandard-0.23.0-cp310-cp310-manylinux_2_17_aarch64.manylinux2014_aarch64.whl", hash = "sha256:77da4c6bfa20dd5ea25cbf12c76f181a8e8cd7ea231c673828d0386b1740b8dc"},
    {file = "zstandard-0.23.0-cp310-cp310-manylinux_2_17_ppc64le.manylinux2014_ppc64le.whl", hash = "sha256:b2170c7e0367dde86a2647ed5b6f57394ea7f53545746104c6b09fc1f4223573"},
    {file = "zstandard-0.23.0-cp310-cp310-manylinux_2_17_s390x.manylinux2014_s390x.whl", hash = "sha256:c16842b846a8d2a145223f520b7e18b57c8f476924bda92aeee3a88d11cfc391"},
    {file = "zstandard-0.23.0-cp310-cp310-manylinux_2_17_x86_64.manylinux2014_x86_64.whl", hash = "sha256:157e89ceb4054029a289fb504c98c6a9fe8010f1680de0201b3eb5dc20aa6d9e"},
    {file = "zstandard-0.23.0-cp310-cp310-manylinux_2_5_i686.manylinux1_i686.manylinux_2_17_i686.manylinux2014_i686.whl", hash = "sha256:203d236f4c94cd8379d1ea61db2fce20730b4c38d7f1c34506a31b34edc87bdd"},
    {file = "zstandard-0.23.0-cp310-cp310-musllinux_1_1_aarch64.whl", hash = "sha256:dc5d1a49d3f8262be192589a4b72f0d03b72dcf46c51ad5852a4fdc67be7b9e4"},
    {file = "zstandard-0.23.0-cp310-cp310-musllinux_1_1_x86_64.whl", hash = "sha256:752bf8a74412b9892f4e5b58f2f890a039f57037f52c89a740757ebd807f33ea"},
    {file = "zstandard-0.23.0-cp310-cp310-musllinux_1_2_aarch64.whl", hash = "sha256:80080816b4f52a9d886e67f1f96912891074903238fe54f2de8b786f86baded2"},
    {file = "zstandard-0.23.0-cp310-cp310-musllinux_1_2_i686.whl", hash = "sha256:84433dddea68571a6d6bd4fbf8ff398236031149116a7fff6f777ff95cad3df9"},
    {file = "zstandard-0.23.0-cp310-cp310-musllinux_1_2_ppc64le.whl", hash = "sha256:ab19a2d91963ed9e42b4e8d77cd847ae8381576585bad79dbd0a8837a9f6620a"},
    {file = "zstandard-0.23.0-cp310-cp310-musllinux_1_2_s390x.whl", hash = "sha256:59556bf80a7094d0cfb9f5e50bb2db27fefb75d5138bb16fb052b61b0e0eeeb0"},
    {file = "zstandard-0.23.0-cp310-cp310-musllinux_1_2_x86_64.whl", hash = "sha256:27d3ef2252d2e62476389ca8f9b0cf2bbafb082a3b6bfe9d90cbcbb5529ecf7c"},
    {file = "zstandard-0.23.0-cp310-cp310-win32.whl", hash = "sha256:5d41d5e025f1e0bccae4928981e71b2334c60f580bdc8345f824e7c0a4c2a813"},
    {file = "zstandard-0.23.0-cp310-cp310-win_amd64.whl", hash = "sha256:519fbf169dfac1222a76ba8861ef4ac7f0530c35dd79ba5727014613f91613d4"},
    {file = "zstandard-0.23.0-cp311-cp311-macosx_10_9_x86_64.whl", hash = "sha256:34895a41273ad33347b2fc70e1bff4240556de3c46c6ea430a7ed91f9042aa4e"},
    {file = "zstandard-0.23.0-cp311-cp311-macosx_11_0_arm64.whl", hash = "sha256:77ea385f7dd5b5676d7fd943292ffa18fbf5c72ba98f7d09fc1fb9e819b34c23"},
    {file = "zstandard-0.23.0-cp311-cp311-manylinux_2_17_aarch64.manylinux2014_aarch64.whl", hash = "sha256:983b6efd649723474f29ed42e1467f90a35a74793437d0bc64a5bf482bedfa0a"},
    {file = "zstandard-0.23.0-cp311-cp311-manylinux_2_17_ppc64le.manylinux2014_ppc64le.whl", hash = "sha256:80a539906390591dd39ebb8d773771dc4db82ace6372c4d41e2d293f8e32b8db"},
    {file = "zstandard-0.23.0-cp311-cp311-manylinux_2_17_s390x.manylinux2014_s390x.whl", hash = "sha256:445e4cb5048b04e90ce96a79b4b63140e3f4ab5f662321975679b5f6360b90e2"},
    {file = "zstandard-0.23.0-cp311-cp311-manylinux_2_17_x86_64.manylinux2014_x86_64.whl", hash = "sha256:fd30d9c67d13d891f2360b2a120186729c111238ac63b43dbd37a5a40670b8ca"},
    {file = "zstandard-0.23.0-cp311-cp311-manylinux_2_5_i686.manylinux1_i686.manylinux_2_17_i686.manylinux2014_i686.whl", hash = "sha256:d20fd853fbb5807c8e84c136c278827b6167ded66c72ec6f9a14b863d809211c"},
    {file = "zstandard-0.23.0-cp311-cp311-musllinux_1_1_aarch64.whl", hash = "sha256:ed1708dbf4d2e3a1c5c69110ba2b4eb6678262028afd6c6fbcc5a8dac9cda68e"},
    {file = "zstandard-0.23.0-cp311-cp311-musllinux_1_1_x86_64.whl", hash = "sha256:be9b5b8659dff1f913039c2feee1aca499cfbc19e98fa12bc85e037c17ec6ca5"},
    {file = "zstandard-0.23.0-cp311-cp311-musllinux_1_2_aarch64.whl", hash = "sha256:65308f4b4890aa12d9b6ad9f2844b7ee42c7f7a4fd3390425b242ffc57498f48"},
    {file = "zstandard-0.23.0-cp311-cp311-musllinux_1_2_i686.whl", hash = "sha256:98da17ce9cbf3bfe4617e836d561e433f871129e3a7ac16d6ef4c680f13a839c"},
    {file = "zstandard-0.23.0-cp311-cp311-musllinux_1_2_ppc64le.whl", hash = "sha256:8ed7d27cb56b3e058d3cf684d7200703bcae623e1dcc06ed1e18ecda39fee003"},
    {file = "zstandard-0.23.0-cp311-cp311-musllinux_1_2_s390x.whl", hash = "sha256:b69bb4f51daf461b15e7b3db033160937d3ff88303a7bc808c67bbc1eaf98c78"},
    {file = "zstandard-0.23.0-cp311-cp311-musllinux_1_2_x86_64.whl", hash = "sha256:034b88913ecc1b097f528e42b539453fa82c3557e414b3de9d5632c80439a473"},
    {file = "zstandard-0.23.0-cp311-cp311-win32.whl", hash = "sha256:f2d4380bf5f62daabd7b751ea2339c1a21d1c9463f1feb7fc2bdcea2c29c3160"},
    {file = "zstandard-0.23.0-cp311-cp311-win_amd64.whl", hash = "sha256:62136da96a973bd2557f06ddd4e8e807f9e13cbb0bfb9cc06cfe6d98ea90dfe0"},
    {file = "zstandard-0.23.0-cp312-cp312-macosx_10_9_x86_64.whl", hash = "sha256:b4567955a6bc1b20e9c31612e615af6b53733491aeaa19a6b3b37f3b65477094"},
    {file = "zstandard-0.23.0-cp312-cp312-macosx_11_0_arm64.whl", hash = "sha256:1e172f57cd78c20f13a3415cc8dfe24bf388614324d25539146594c16d78fcc8"},
    {file = "zstandard-0.23.0-cp312-cp312-manylinux_2_17_aarch64.manylinux2014_aarch64.whl", hash = "sha256:b0e166f698c5a3e914947388c162be2583e0c638a4703fc6a543e23a88dea3c1"},
    {file = "zstandard-0.23.0-cp312-cp312-manylinux_2_17_ppc64le.manylinux2014_ppc64le.whl", hash = "sha256:12a289832e520c6bd4dcaad68e944b86da3bad0d339ef7989fb7e88f92e96072"},
    {file = "zstandard-0.23.0-cp312-cp312-manylinux_2_17_s390x.manylinux2014_s390x.whl", hash = "sha256:d50d31bfedd53a928fed6707b15a8dbeef011bb6366297cc435accc888b27c20"},
    {file = "zstandard-0.23.0-cp312-cp312-manylinux_2_17_x86_64.manylinux2014_x86_64.whl", hash = "sha256:72c68dda124a1a138340fb62fa21b9bf4848437d9ca60bd35db36f2d3345f373"},
    {file = "zstandard-0.23.0-cp312-cp312-manylinux_2_5_i686.manylinux1_i686.manylinux_2_17_i686.manylinux2014_i686.whl", hash = "sha256:53dd9d5e3d29f95acd5de6802e909ada8d8d8cfa37a3ac64836f3bc4bc5512db"},
    {file = "zstandard-0.23.0-cp312-cp312-musllinux_1_1_aarch64.whl", hash = "sha256:6a41c120c3dbc0d81a8e8adc73312d668cd34acd7725f036992b1b72d22c1772"},
    {file = "zstandard-0.23.0-cp312-cp312-musllinux_1_1_x86_64.whl", hash = "sha256:40b33d93c6eddf02d2c19f5773196068d875c41ca25730e8288e9b672897c105"},
    {file = "zstandard-0.23.0-cp312-cp312-musllinux_1_2_aarch64.whl", hash = "sha256:9206649ec587e6b02bd124fb7799b86cddec350f6f6c14bc82a2b70183e708ba"},
    {file = "zstandard-0.23.0-cp312-cp312-musllinux_1_2_i686.whl", hash = "sha256:76e79bc28a65f467e0409098fa2c4376931fd3207fbeb6b956c7c476d53746dd"},
    {file = "zstandard-0.23.0-cp312-cp312-musllinux_1_2_ppc64le.whl", hash = "sha256:66b689c107857eceabf2cf3d3fc699c3c0fe8ccd18df2219d978c0283e4c508a"},
    {file = "zstandard-0.23.0-cp312-cp312-musllinux_1_2_s390x.whl", hash = "sha256:9c236e635582742fee16603042553d276cca506e824fa2e6489db04039521e90"},
    {file = "zstandard-0.23.0-cp312-cp312-musllinux_1_2_x86_64.whl", hash = "sha256:a8fffdbd9d1408006baaf02f1068d7dd1f016c6bcb7538682622c556e7b68e35"},
    {file = "zstandard-0.23.0-cp312-cp312-win32.whl", hash = "sha256:dc1d33abb8a0d754ea4763bad944fd965d3d95b5baef6b121c0c9013eaf1907d"},
    {file = "zstandard-0.23.0-cp312-cp312-win_amd64.whl", hash = "sha256:64585e1dba664dc67c7cdabd56c1e5685233fbb1fc1966cfba2a340ec0dfff7b"},
    {file = "zstandard-0.23.0-cp313-cp313-macosx_10_13_x86_64.whl", hash = "sha256:576856e8594e6649aee06ddbfc738fec6a834f7c85bf7cadd1c53d4a58186ef9"},
    {file = "zstandard-0.23.0-cp313-cp313-macosx_11_0_arm64.whl", hash = "sha256:38302b78a850ff82656beaddeb0bb989a0322a8bbb1bf1ab10c17506681d772a"},
    {file = "zstandard-0.23.0-cp313-cp313-manylinux_2_17_aarch64.manylinux2014_aarch64.whl", hash = "sha256:d2240ddc86b74966c34554c49d00eaafa8200a18d3a5b6ffbf7da63b11d74ee2"},
    {file = "zstandard-0.23.0-cp313-cp313-manylinux_2_17_ppc64le.manylinux2014_ppc64le.whl", hash = "sha256:2ef230a8fd217a2015bc91b74f6b3b7d6522ba48be29ad4ea0ca3a3775bf7dd5"},
    {file = "zstandard-0.23.0-cp313-cp313-manylinux_2_17_s390x.manylinux2014_s390x.whl", hash = "sha256:774d45b1fac1461f48698a9d4b5fa19a69d47ece02fa469825b442263f04021f"},
    {file = "zstandard-0.23.0-cp313-cp313-manylinux_2_17_x86_64.manylinux2014_x86_64.whl", hash = "sha256:6f77fa49079891a4aab203d0b1744acc85577ed16d767b52fc089d83faf8d8ed"},
    {file = "zstandard-0.23.0-cp313-cp313-manylinux_2_5_i686.manylinux1_i686.manylinux_2_17_i686.manylinux2014_i686.whl", hash = "sha256:ac184f87ff521f4840e6ea0b10c0ec90c6b1dcd0bad2f1e4a9a1b4fa177982ea"},
    {file = "zstandard-0.23.0-cp313-cp313-musllinux_1_1_aarch64.whl", hash = "sha256:c363b53e257246a954ebc7c488304b5592b9c53fbe74d03bc1c64dda153fb847"},
    {file = "zstandard-0.23.0-cp313-cp313-musllinux_1_1_x86_64.whl", hash = "sha256:e7792606d606c8df5277c32ccb58f29b9b8603bf83b48639b7aedf6df4fe8171"},
    {file = "zstandard-0.23.0-cp313-cp313-musllinux_1_2_aarch64.whl", hash = "sha256:a0817825b900fcd43ac5d05b8b3079937073d2b1ff9cf89427590718b70dd840"},
    {file = "zstandard-0.23.0-cp313-cp313-musllinux_1_2_i686.whl", hash = "sha256:9da6bc32faac9a293ddfdcb9108d4b20416219461e4ec64dfea8383cac186690"},
    {file = "zstandard-0.23.0-cp313-cp313-musllinux_1_2_ppc64le.whl", hash = "sha256:fd7699e8fd9969f455ef2926221e0233f81a2542921471382e77a9e2f2b57f4b"},
    {file = "zstandard-0.23.0-cp313-cp313-musllinux_1_2_s390x.whl", hash = "sha256:d477ed829077cd945b01fc3115edd132c47e6540ddcd96ca169facff28173057"},
    {file = "zstandard-0.23.0-cp313-cp313-musllinux_1_2_x86_64.whl", hash = "sha256:fa6ce8b52c5987b3e34d5674b0ab529a4602b632ebab0a93b07bfb4dfc8f8a33"},
    {file = "zstandard-0.23.0-cp313-cp313-win32.whl", hash = "sha256:a9b07268d0c3ca5c170a385a0ab9fb7fdd9f5fd866be004c4ea39e44edce47dd"},
    {file = "zstandard-0.23.0-cp313-cp313-win_amd64.whl", hash = "sha256:f3513916e8c645d0610815c257cbfd3242adfd5c4cfa78be514e5a3ebb42a41b"},
    {file = "zstandard-0.23.0-cp38-cp38-macosx_10_9_x86_64.whl", hash = "sha256:2ef3775758346d9ac6214123887d25c7061c92afe1f2b354f9388e9e4d48acfc"},
    {file = "zstandard-0.23.0-cp38-cp38-macosx_11_0_arm64.whl", hash = "sha256:4051e406288b8cdbb993798b9a45c59a4896b6ecee2f875424ec10276a895740"},
    {file = "zstandard-0.23.0-cp38-cp38-manylinux_2_17_aarch64.manylinux2014_aarch64.whl", hash = "sha256:e2d1a054f8f0a191004675755448d12be47fa9bebbcffa3cdf01db19f2d30a54"},
    {file = "zstandard-0.23.0-cp38-cp38-manylinux_2_17_ppc64le.manylinux2014_ppc64le.whl", hash = "sha256:f83fa6cae3fff8e98691248c9320356971b59678a17f20656a9e59cd32cee6d8"},
    {file = "zstandard-0.23.0-cp38-cp38-manylinux_2_17_s390x.manylinux2014_s390x.whl", hash = "sha256:32ba3b5ccde2d581b1e6aa952c836a6291e8435d788f656fe5976445865ae045"},
    {file = "zstandard-0.23.0-cp38-cp38-manylinux_2_17_x86_64.manylinux2014_x86_64.whl", hash = "sha256:2f146f50723defec2975fb7e388ae3a024eb7151542d1599527ec2aa9cacb152"},
    {file = "zstandard-0.23.0-cp38-cp38-manylinux_2_5_i686.manylinux1_i686.manylinux_2_17_i686.manylinux2014_i686.whl", hash = "sha256:1bfe8de1da6d104f15a60d4a8a768288f66aa953bbe00d027398b93fb9680b26"},
    {file = "zstandard-0.23.0-cp38-cp38-musllinux_1_1_aarch64.whl", hash = "sha256:29a2bc7c1b09b0af938b7a8343174b987ae021705acabcbae560166567f5a8db"},
    {file = "zstandard-0.23.0-cp38-cp38-musllinux_1_1_x86_64.whl", hash = "sha256:61f89436cbfede4bc4e91b4397eaa3e2108ebe96d05e93d6ccc95ab5714be512"},
    {file = "zstandard-0.23.0-cp38-cp38-musllinux_1_2_aarch64.whl", hash = "sha256:53ea7cdc96c6eb56e76bb06894bcfb5dfa93b7adcf59d61c6b92674e24e2dd5e"},
    {file = "zstandard-0.23.0-cp38-cp38-musllinux_1_2_i686.whl", hash = "sha256:a4ae99c57668ca1e78597d8b06d5af837f377f340f4cce993b551b2d7731778d"},
    {file = "zstandard-0.23.0-cp38-cp38-musllinux_1_2_ppc64le.whl", hash = "sha256:379b378ae694ba78cef921581ebd420c938936a153ded602c4fea612b7eaa90d"},
    {file = "zstandard-0.23.0-cp38-cp38-musllinux_1_2_s390x.whl", hash = "sha256:50a80baba0285386f97ea36239855f6020ce452456605f262b2d33ac35c7770b"},
    {file = "zstandard-0.23.0-cp38-cp38-musllinux_1_2_x86_64.whl", hash = "sha256:61062387ad820c654b6a6b5f0b94484fa19515e0c5116faf29f41a6bc91ded6e"},
    {file = "zstandard-0.23.0-cp38-cp38-win32.whl", hash = "sha256:b8c0bd73aeac689beacd4e7667d48c299f61b959475cdbb91e7d3d88d27c56b9"},
    {file = "zstandard-0.23.0-cp38-cp38-win_amd64.whl", hash = "sha256:a05e6d6218461eb1b4771d973728f0133b2a4613a6779995df557f70794fd60f"},
    {file = "zstandard-0.23.0-cp39-cp39-macosx_10_9_x86_64.whl", hash = "sha256:3aa014d55c3af933c1315eb4bb06dd0459661cc0b15cd61077afa6489bec63bb"},
    {file = "zstandard-0.23.0-cp39-cp39-macosx_11_0_arm64.whl", hash = "sha256:0a7f0804bb3799414af278e9ad51be25edf67f78f916e08afdb983e74161b916"},
    {file = "zstandard-0.23.0-cp39-cp39-manylinux_2_17_aarch64.manylinux2014_aarch64.whl", hash = "sha256:fb2b1ecfef1e67897d336de3a0e3f52478182d6a47eda86cbd42504c5cbd009a"},
    {file = "zstandard-0.23.0-cp39-cp39-manylinux_2_17_ppc64le.manylinux2014_ppc64le.whl", hash = "sha256:837bb6764be6919963ef41235fd56a6486b132ea64afe5fafb4cb279ac44f259"},
    {file = "zstandard-0.23.0-cp39-cp39-manylinux_2_17_s390x.manylinux2014_s390x.whl", hash = "sha256:1516c8c37d3a053b01c1c15b182f3b5f5eef19ced9b930b684a73bad121addf4"},
    {file = "zstandard-0.23.0-cp39-cp39-manylinux_2_17_x86_64.manylinux2014_x86_64.whl", hash = "sha256:48ef6a43b1846f6025dde6ed9fee0c24e1149c1c25f7fb0a0585572b2f3adc58"},
    {file = "zstandard-0.23.0-cp39-cp39-manylinux_2_5_i686.manylinux1_i686.manylinux_2_17_i686.manylinux2014_i686.whl", hash = "sha256:11e3bf3c924853a2d5835b24f03eeba7fc9b07d8ca499e247e06ff5676461a15"},
    {file = "zstandard-0.23.0-cp39-cp39-musllinux_1_1_aarch64.whl", hash = "sha256:2fb4535137de7e244c230e24f9d1ec194f61721c86ebea04e1581d9d06ea1269"},
    {file = "zstandard-0.23.0-cp39-cp39-musllinux_1_1_x86_64.whl", hash = "sha256:8c24f21fa2af4bb9f2c492a86fe0c34e6d2c63812a839590edaf177b7398f700"},
    {file = "zstandard-0.23.0-cp39-cp39-musllinux_1_2_aarch64.whl", hash = "sha256:a8c86881813a78a6f4508ef9daf9d4995b8ac2d147dcb1a450448941398091c9"},
    {file = "zstandard-0.23.0-cp39-cp39-musllinux_1_2_i686.whl", hash = "sha256:fe3b385d996ee0822fd46528d9f0443b880d4d05528fd26a9119a54ec3f91c69"},
    {file = "zstandard-0.23.0-cp39-cp39-musllinux_1_2_ppc64le.whl", hash = "sha256:82d17e94d735c99621bf8ebf9995f870a6b3e6d14543b99e201ae046dfe7de70"},
    {file = "zstandard-0.23.0-cp39-cp39-musllinux_1_2_s390x.whl", hash = "sha256:c7c517d74bea1a6afd39aa612fa025e6b8011982a0897768a2f7c8ab4ebb78a2"},
    {file = "zstandard-0.23.0-cp39-cp39-musllinux_1_2_x86_64.whl", hash = "sha256:1fd7e0f1cfb70eb2f95a19b472ee7ad6d9a0a992ec0ae53286870c104ca939e5"},
    {file = "zstandard-0.23.0-cp39-cp39-win32.whl", hash = "sha256:43da0f0092281bf501f9c5f6f3b4c975a8a0ea82de49ba3f7100e64d422a1274"},
    {file = "zstandard-0.23.0-cp39-cp39-win_amd64.whl", hash = "sha256:f8346bfa098532bc1fb6c7ef06783e969d87a99dd1d2a5a18a892c1d7a643c58"},
    {file = "zstandard-0.23.0.tar.gz", hash = "sha256:b2d8c62d08e7255f68f7a740bae85b3c9b8e5466baa9cbf7f57f1cde0ac6bc09"},
]

[package.dependencies]
cffi = {version = ">=1.11", markers = "platform_python_implementation == \"PyPy\""}

[package.extras]
cffi = ["cffi (>=1.11)"]

[metadata]
lock-version = "2.1"
python-versions = ">=3.9"
content-hash = "bfbf0d40613368d67a4adbdf05f0bc5399f021d6e305af2f05644e11c0839d1f"
